{
  "version": 4,
  "terraform_version": "1.12.2",
  "serial": 36,
  "lineage": "08f047a7-9f2f-2701-7fed-5c2823d4a93f",
  "outputs": {
    "cluster_endpoint": {
      "value": "https://86679FF47261D529CC6B080B5E98818F.gr7.us-west-2.eks.amazonaws.com",
      "type": "string"
    },
    "cluster_name": {
      "value": "libnet-eks-prod",
      "type": "string"
    }
  },
  "resources": [
    {
      "mode": "data",
      "type": "aws_availability_zones",
      "name": "available",
      "provider": "provider[\"registry.terraform.io/hashicorp/aws\"]",
      "instances": [
        {
          "schema_version": 0,
          "attributes": {
            "all_availability_zones": null,
            "exclude_names": null,
            "exclude_zone_ids": null,
            "filter": null,
            "group_names": [
              "us-west-2-zg-1"
            ],
            "id": "us-west-2",
            "names": [
              "us-west-2a",
              "us-west-2b",
              "us-west-2c",
              "us-west-2d"
            ],
            "state": null,
            "timeouts": null,
            "zone_ids": [
              "usw2-az1",
              "usw2-az2",
              "usw2-az3",
              "usw2-az4"
            ]
          },
          "sensitive_attributes": [],
          "identity_schema_version": 0
        }
      ]
    },
    {
      "mode": "managed",
      "type": "aws_eip",
      "name": "nat",
      "provider": "provider[\"registry.terraform.io/hashicorp/aws\"]",
      "instances": [
        {
          "schema_version": 0,
          "attributes": {
            "address": null,
            "allocation_id": "eipalloc-00e5f2ce8997a90d3",
            "arn": "arn:aws:ec2:us-west-2:539145952779:elastic-ip/eipalloc-00e5f2ce8997a90d3",
            "associate_with_private_ip": null,
            "association_id": "eipassoc-00bdd43f85f84b6e8",
            "carrier_ip": "",
            "customer_owned_ip": "",
            "customer_owned_ipv4_pool": "",
            "domain": "vpc",
            "id": "eipalloc-00e5f2ce8997a90d3",
            "instance": "",
            "ipam_pool_id": null,
            "network_border_group": "us-west-2",
            "network_interface": "eni-0c5a859600aa1423c",
            "private_dns": "ip-10-0-1-79.us-west-2.compute.internal",
            "private_ip": "10.0.1.79",
            "ptr_record": "",
            "public_dns": "ec2-44-253-87-183.us-west-2.compute.amazonaws.com",
            "public_ip": "44.253.87.183",
            "public_ipv4_pool": "amazon",
            "tags": {},
            "tags_all": {},
            "timeouts": null,
            "vpc": true
          },
          "sensitive_attributes": [],
          "identity_schema_version": 0,
          "private": "eyJlMmJmYjczMC1lY2FhLTExZTYtOGY4OC0zNDM2M2JjN2M0YzAiOnsiZGVsZXRlIjoxODAwMDAwMDAwMDAsInJlYWQiOjkwMDAwMDAwMDAwMCwidXBkYXRlIjozMDAwMDAwMDAwMDB9fQ=="
        }
      ]
    },
    {
      "mode": "managed",
      "type": "aws_eks_cluster",
      "name": "main",
      "provider": "provider[\"registry.terraform.io/hashicorp/aws\"]",
      "instances": [
        {
          "schema_version": 1,
          "attributes": {
            "access_config": [
              {
                "authentication_mode": "CONFIG_MAP",
                "bootstrap_cluster_creator_admin_permissions": true
              }
            ],
            "arn": "arn:aws:eks:us-west-2:539145952779:cluster/libnet-eks-prod",
            "bootstrap_self_managed_addons": true,
            "certificate_authority": [
              {
                "data": "LS0tLS1CRUdJTiBDRVJUSUZJQ0FURS0tLS0tCk1JSURCVENDQWUyZ0F3SUJBZ0lJTlBFN2pSN0ZJUHN3RFFZSktvWklodmNOQVFFTEJRQXdGVEVUTUJFR0ExVUUKQXhNS2EzVmlaWEp1WlhSbGN6QWVGdzB5TlRBNE1ETXhOekl3TWpWYUZ3MHpOVEE0TURFeE56STFNalZhTUJVeApFekFSQmdOVkJBTVRDbXQxWW1WeWJtVjBaWE13Z2dFaU1BMEdDU3FHU0liM0RRRUJBUVVBQTRJQkR3QXdnZ0VLCkFvSUJBUURjTXFZUDZZeUsvV3lHc3JqRXNFWUVhYjhpWjNlRmR3TU9kWHdGVSs5TVFpc3k5ZWxBZjdSWFh2aHYKTVBTSWUvSnZrelV3MjBnVXJSNzJNZTFDWHZiME12ZHZoZXV6eFRqMzFqbmViNFRjdU9kWmpza2pVOG9SSTZLUApPSnp0QXRaWkJidjFXajhVTzdKMVZqMmhyL0U1SEh0bzNpZDcyRlJDQ3J6d2VxelN2Z0czWDZiUVRnMW4vcmtYCldnZzZCZWxLN2cwREU4ZzdzdEJzekxjTzB0bFdLeFFtd2NRUDJ5OXVrZ2pRdUZadzZPMVh1WjNuS0gyeW5MZEgKdzFLaFdCQ1E4cStsZHRjZGIreWFTTWpjNFJGWU56MjlQWFFSUmZiRzZ0aHpIQzJNcjBXWUNvMVRTMXVyWEo5eApNUVNCTUZGd1RnTm5YaER6aWhHSjcra2kzeHZSQWdNQkFBR2pXVEJYTUE0R0ExVWREd0VCL3dRRUF3SUNwREFQCkJnTlZIUk1CQWY4RUJUQURBUUgvTUIwR0ExVWREZ1FXQkJTS2FRWTRHYS83NjJNb3BPZ2dIZzYvQWJMVTVqQVYKQmdOVkhSRUVEakFNZ2dwcmRXSmxjbTVsZEdWek1BMEdDU3FHU0liM0RRRUJDd1VBQTRJQkFRRElBRjBYTnZVcQpnNUt6RHdkcVF5MWx3YUQyeDZ1Mml5aWJUeURlaUdERk5NWE1nbzZDK2sya1dMQ0V5ZnBiNTE3ZDgrckdHTWdECmpOWG9ENUhwTHFXWFlLTXNyZmdhUjlsR3RUMFVaeTJmb0hkYm0yZWZHcGFyejNvRnh5YTlOWFZXbmI0a094bnAKZ2VhR2pBY2tyS2t5VDQ4SEZaQ282MUxPek1WWDNuMjJENzczOFQzRXJ6blB4ckZDU1p3TUsyMkgwbDJyY3ZBego5bUJTMk5nZno4SERhUklZczJSRjI5SyswdzNnejQzSExqeGdzNjlReVNrK3lOMTZodVlhNVAzTndINTQ2cFVMClNmMEcreXh1R09YMHBPRS9CNXExY0NDMG01Z0FUNGdaTEdGVEdjZFlhWmNsWTBZanBTWmo2Y1lBdHV0UGorOTUKdnVDTVhyMUNacW5uCi0tLS0tRU5EIENFUlRJRklDQVRFLS0tLS0K"
              }
            ],
            "cluster_id": null,
            "compute_config": [],
            "created_at": "2025-08-03T17:21:14Z",
            "enabled_cluster_log_types": [],
            "encryption_config": [],
            "endpoint": "https://86679FF47261D529CC6B080B5E98818F.gr7.us-west-2.eks.amazonaws.com",
            "force_update_version": null,
            "id": "libnet-eks-prod",
            "identity": [
              {
                "oidc": [
                  {
                    "issuer": "https://oidc.eks.us-west-2.amazonaws.com/id/86679FF47261D529CC6B080B5E98818F"
                  }
                ]
              }
            ],
            "kubernetes_network_config": [
              {
                "elastic_load_balancing": [
                  {
                    "enabled": false
                  }
                ],
                "ip_family": "ipv4",
                "service_ipv4_cidr": "172.20.0.0/16",
                "service_ipv6_cidr": ""
              }
            ],
            "name": "libnet-eks-prod",
            "outpost_config": [],
            "platform_version": "eks.9",
            "remote_network_config": [],
            "role_arn": "arn:aws:iam::539145952779:role/libnet-eks-prod-cluster-role",
            "status": "ACTIVE",
            "storage_config": [],
            "tags": {
              "Name": "libnet-eks-prod"
            },
            "tags_all": {
              "Name": "libnet-eks-prod"
            },
            "timeouts": null,
            "upgrade_policy": [
              {
                "support_type": "EXTENDED"
              }
            ],
            "version": "1.33",
            "vpc_config": [
              {
                "cluster_security_group_id": "sg-0ef644dc79eec409f",
                "endpoint_private_access": true,
                "endpoint_public_access": true,
                "public_access_cidrs": [
                  "0.0.0.0/0"
                ],
                "security_group_ids": [
                  "sg-082a70b8d181a3f39"
                ],
                "subnet_ids": [
                  "subnet-05da19fceff8fd311",
                  "subnet-078422ad92ea4ccc6"
                ],
                "vpc_id": "vpc-04ea5f10211da16eb"
              }
            ],
            "zonal_shift_config": []
          },
          "sensitive_attributes": [],
          "identity_schema_version": 0,
          "private": "eyJlMmJmYjczMC1lY2FhLTExZTYtOGY4OC0zNDM2M2JjN2M0YzAiOnsiY3JlYXRlIjoxODAwMDAwMDAwMDAwLCJkZWxldGUiOjkwMDAwMDAwMDAwMCwidXBkYXRlIjozNjAwMDAwMDAwMDAwfSwic2NoZW1hX3ZlcnNpb24iOiIxIn0=",
          "dependencies": [
            "aws_iam_role.eks_cluster",
            "aws_iam_role_policy_attachment.eks_cluster_policy",
            "aws_security_group.eks_cluster",
            "aws_subnet.private",
            "aws_vpc.main",
            "data.aws_availability_zones.available"
          ]
        }
      ]
    },
    {
      "mode": "managed",
      "type": "aws_eks_node_group",
      "name": "main",
      "provider": "provider[\"registry.terraform.io/hashicorp/aws\"]",
      "instances": [
        {
          "schema_version": 0,
          "attributes": {
            "ami_type": "AL2023_x86_64_STANDARD",
            "arn": "arn:aws:eks:us-west-2:539145952779:nodegroup/libnet-eks-prod/libnet-eks-prod-nodegroup-1/66cc387d-dd82-3772-9bf7-4631a0033df8",
            "capacity_type": "ON_DEMAND",
            "cluster_name": "libnet-eks-prod",
            "disk_size": 20,
            "force_update_version": null,
            "id": "libnet-eks-prod:libnet-eks-prod-nodegroup-1",
            "instance_types": [
              "t3.medium"
            ],
            "labels": {},
            "launch_template": [],
            "node_group_name": "libnet-eks-prod-nodegroup-1",
            "node_group_name_prefix": "",
            "node_repair_config": [],
            "node_role_arn": "arn:aws:iam::539145952779:role/libnet-eks-prod-node-role",
            "release_version": "1.33.0-20250715",
            "remote_access": [],
            "resources": [
              {
                "autoscaling_groups": [
                  {
                    "name": "eks-libnet-eks-prod-nodegroup-1-66cc387d-dd82-3772-9bf7-4631a0033df8"
                  }
                ],
                "remote_access_security_group_id": ""
              }
            ],
            "scaling_config": [
              {
                "desired_size": 1,
                "max_size": 2,
                "min_size": 1
              }
            ],
            "status": "ACTIVE",
            "subnet_ids": [
              "subnet-05da19fceff8fd311",
              "subnet-078422ad92ea4ccc6"
            ],
            "tags": {
              "Name": "libnet-eks-prod-nodegroup-1"
            },
            "tags_all": {
              "Name": "libnet-eks-prod-nodegroup-1"
            },
            "taint": [],
            "timeouts": null,
            "update_config": [
              {
                "max_unavailable": 1,
                "max_unavailable_percentage": 0
              }
            ],
            "version": "1.33"
          },
          "sensitive_attributes": [],
          "identity_schema_version": 0,
          "private": "eyJlMmJmYjczMC1lY2FhLTExZTYtOGY4OC0zNDM2M2JjN2M0YzAiOnsiY3JlYXRlIjozNjAwMDAwMDAwMDAwLCJkZWxldGUiOjM2MDAwMDAwMDAwMDAsInVwZGF0ZSI6MzYwMDAwMDAwMDAwMH19",
          "dependencies": [
            "aws_eks_cluster.main",
            "aws_iam_role.eks_cluster",
            "aws_iam_role.eks_nodes",
            "aws_iam_role_policy_attachment.ec2_container_registry_read_only",
            "aws_iam_role_policy_attachment.eks_cluster_policy",
            "aws_iam_role_policy_attachment.eks_cni_policy",
            "aws_iam_role_policy_attachment.eks_worker_node_policy",
            "aws_security_group.eks_cluster",
            "aws_subnet.private",
            "aws_vpc.main",
            "data.aws_availability_zones.available"
          ]
        }
      ]
    },
    {
      "mode": "managed",
      "type": "aws_eks_node_group",
      "name": "secondary",
      "provider": "provider[\"registry.terraform.io/hashicorp/aws\"]",
      "instances": [
        {
          "schema_version": 0,
          "attributes": {
            "ami_type": "AL2023_x86_64_STANDARD",
            "arn": "arn:aws:eks:us-west-2:539145952779:nodegroup/libnet-eks-prod/libnet-eks-prod-nodegroup-2/c8cc387d-dd7e-3d78-3959-f277a80be7b4",
            "capacity_type": "ON_DEMAND",
            "cluster_name": "libnet-eks-prod",
            "disk_size": 20,
            "force_update_version": null,
            "id": "libnet-eks-prod:libnet-eks-prod-nodegroup-2",
            "instance_types": [
              "t3.medium"
            ],
            "labels": {},
            "launch_template": [],
            "node_group_name": "libnet-eks-prod-nodegroup-2",
            "node_group_name_prefix": "",
            "node_repair_config": [],
            "node_role_arn": "arn:aws:iam::539145952779:role/libnet-eks-prod-node-role",
            "release_version": "1.33.0-20250715",
            "remote_access": [],
            "resources": [
              {
                "autoscaling_groups": [
                  {
                    "name": "eks-libnet-eks-prod-nodegroup-2-c8cc387d-dd7e-3d78-3959-f277a80be7b4"
                  }
                ],
                "remote_access_security_group_id": ""
              }
            ],
            "scaling_config": [
              {
                "desired_size": 1,
                "max_size": 2,
                "min_size": 1
              }
            ],
            "status": "ACTIVE",
            "subnet_ids": [
              "subnet-05da19fceff8fd311",
              "subnet-078422ad92ea4ccc6"
            ],
            "tags": {
              "Name": "libnet-eks-prod-nodegroup-2"
            },
            "tags_all": {
              "Name": "libnet-eks-prod-nodegroup-2"
            },
            "taint": [],
            "timeouts": null,
            "update_config": [
              {
                "max_unavailable": 1,
                "max_unavailable_percentage": 0
              }
            ],
            "version": "1.33"
          },
          "sensitive_attributes": [],
          "identity_schema_version": 0,
          "private": "eyJlMmJmYjczMC1lY2FhLTExZTYtOGY4OC0zNDM2M2JjN2M0YzAiOnsiY3JlYXRlIjozNjAwMDAwMDAwMDAwLCJkZWxldGUiOjM2MDAwMDAwMDAwMDAsInVwZGF0ZSI6MzYwMDAwMDAwMDAwMH19",
          "dependencies": [
            "aws_eks_cluster.main",
            "aws_iam_role.eks_cluster",
            "aws_iam_role.eks_nodes",
            "aws_iam_role_policy_attachment.ec2_container_registry_read_only",
            "aws_iam_role_policy_attachment.eks_cluster_policy",
            "aws_iam_role_policy_attachment.eks_cni_policy",
            "aws_iam_role_policy_attachment.eks_worker_node_policy",
            "aws_security_group.eks_cluster",
            "aws_subnet.private",
            "aws_vpc.main",
            "data.aws_availability_zones.available"
          ]
        }
      ]
    },
    {
      "mode": "managed",
      "type": "aws_iam_role",
      "name": "eks_cluster",
      "provider": "provider[\"registry.terraform.io/hashicorp/aws\"]",
      "instances": [
        {
          "schema_version": 0,
          "attributes": {
            "arn": "arn:aws:iam::539145952779:role/libnet-eks-prod-cluster-role",
            "assume_role_policy": "{\"Statement\":[{\"Action\":\"sts:AssumeRole\",\"Effect\":\"Allow\",\"Principal\":{\"Service\":\"eks.amazonaws.com\"}}],\"Version\":\"2012-10-17\"}",
            "create_date": "2025-08-03T17:21:10Z",
            "description": "",
            "force_detach_policies": false,
            "id": "libnet-eks-prod-cluster-role",
            "inline_policy": [],
            "managed_policy_arns": [
              "arn:aws:iam::aws:policy/AmazonEKSClusterPolicy"
            ],
            "max_session_duration": 3600,
            "name": "libnet-eks-prod-cluster-role",
            "name_prefix": "",
            "path": "/",
            "permissions_boundary": "",
            "tags": {},
            "tags_all": {},
            "unique_id": "AROAX3B42LYFSVRMR2MR5"
          },
          "sensitive_attributes": [],
          "identity_schema_version": 0,
          "private": "bnVsbA=="
        }
      ]
    },
    {
      "mode": "managed",
      "type": "aws_iam_role",
      "name": "eks_nodes",
      "provider": "provider[\"registry.terraform.io/hashicorp/aws\"]",
      "instances": [
        {
          "schema_version": 0,
          "attributes": {
            "arn": "arn:aws:iam::539145952779:role/libnet-eks-prod-node-role",
            "assume_role_policy": "{\"Statement\":[{\"Action\":\"sts:AssumeRole\",\"Effect\":\"Allow\",\"Principal\":{\"Service\":\"ec2.amazonaws.com\"}}],\"Version\":\"2012-10-17\"}",
            "create_date": "2025-08-03T17:21:10Z",
            "description": "",
            "force_detach_policies": false,
            "id": "libnet-eks-prod-node-role",
            "inline_policy": [],
            "managed_policy_arns": [
              "arn:aws:iam::aws:policy/AmazonEC2ContainerRegistryReadOnly",
              "arn:aws:iam::aws:policy/AmazonEKSWorkerNodePolicy",
              "arn:aws:iam::aws:policy/AmazonEKS_CNI_Policy"
            ],
            "max_session_duration": 3600,
            "name": "libnet-eks-prod-node-role",
            "name_prefix": "",
            "path": "/",
            "permissions_boundary": "",
            "tags": {},
            "tags_all": {},
            "unique_id": "AROAX3B42LYFRAYI7I734"
          },
          "sensitive_attributes": [],
          "identity_schema_version": 0,
          "private": "bnVsbA=="
        }
      ]
    },
    {
      "mode": "managed",
      "type": "aws_iam_role_policy_attachment",
      "name": "ec2_container_registry_read_only",
      "provider": "provider[\"registry.terraform.io/hashicorp/aws\"]",
      "instances": [
        {
          "schema_version": 0,
          "attributes": {
            "id": "libnet-eks-prod-node-role-20250803172111581400000003",
            "policy_arn": "arn:aws:iam::aws:policy/AmazonEC2ContainerRegistryReadOnly",
            "role": "libnet-eks-prod-node-role"
          },
          "sensitive_attributes": [],
          "identity_schema_version": 0,
          "private": "bnVsbA==",
          "dependencies": [
            "aws_iam_role.eks_nodes"
          ]
        }
      ]
    },
    {
      "mode": "managed",
      "type": "aws_iam_role_policy_attachment",
      "name": "eks_cluster_policy",
      "provider": "provider[\"registry.terraform.io/hashicorp/aws\"]",
      "instances": [
        {
          "schema_version": 0,
          "attributes": {
            "id": "libnet-eks-prod-cluster-role-20250803172111733500000004",
            "policy_arn": "arn:aws:iam::aws:policy/AmazonEKSClusterPolicy",
            "role": "libnet-eks-prod-cluster-role"
          },
          "sensitive_attributes": [],
          "identity_schema_version": 0,
          "private": "bnVsbA==",
          "dependencies": [
            "aws_iam_role.eks_cluster"
          ]
        }
      ]
    },
    {
      "mode": "managed",
      "type": "aws_iam_role_policy_attachment",
      "name": "eks_cni_policy",
      "provider": "provider[\"registry.terraform.io/hashicorp/aws\"]",
      "instances": [
        {
          "schema_version": 0,
          "attributes": {
            "id": "libnet-eks-prod-node-role-20250803172111483300000002",
            "policy_arn": "arn:aws:iam::aws:policy/AmazonEKS_CNI_Policy",
            "role": "libnet-eks-prod-node-role"
          },
          "sensitive_attributes": [],
          "identity_schema_version": 0,
          "private": "bnVsbA==",
          "dependencies": [
            "aws_iam_role.eks_nodes"
          ]
        }
      ]
    },
    {
      "mode": "managed",
      "type": "aws_iam_role_policy_attachment",
      "name": "eks_worker_node_policy",
      "provider": "provider[\"registry.terraform.io/hashicorp/aws\"]",
      "instances": [
        {
          "schema_version": 0,
          "attributes": {
            "id": "libnet-eks-prod-node-role-20250803172111376800000001",
            "policy_arn": "arn:aws:iam::aws:policy/AmazonEKSWorkerNodePolicy",
            "role": "libnet-eks-prod-node-role"
          },
          "sensitive_attributes": [],
          "identity_schema_version": 0,
          "private": "bnVsbA==",
          "dependencies": [
            "aws_iam_role.eks_nodes"
          ]
        }
      ]
    },
    {
      "mode": "managed",
      "type": "aws_internet_gateway",
      "name": "main",
      "provider": "provider[\"registry.terraform.io/hashicorp/aws\"]",
      "instances": [
        {
          "schema_version": 0,
          "attributes": {
            "arn": "arn:aws:ec2:us-west-2:539145952779:internet-gateway/igw-0572f6a590fc01373",
            "id": "igw-0572f6a590fc01373",
            "owner_id": "539145952779",
            "tags": {
              "Name": "libnet-eks-prod-igw"
            },
            "tags_all": {
              "Name": "libnet-eks-prod-igw"
            },
            "timeouts": null,
            "vpc_id": "vpc-04ea5f10211da16eb"
          },
          "sensitive_attributes": [],
          "identity_schema_version": 0,
          "private": "eyJlMmJmYjczMC1lY2FhLTExZTYtOGY4OC0zNDM2M2JjN2M0YzAiOnsiY3JlYXRlIjoxMjAwMDAwMDAwMDAwLCJkZWxldGUiOjEyMDAwMDAwMDAwMDAsInVwZGF0ZSI6MTIwMDAwMDAwMDAwMH19",
          "dependencies": [
            "aws_vpc.main"
          ]
        }
      ]
    },
    {
      "mode": "managed",
      "type": "aws_nat_gateway",
      "name": "main",
      "provider": "provider[\"registry.terraform.io/hashicorp/aws\"]",
      "instances": [
        {
          "schema_version": 0,
          "attributes": {
            "allocation_id": "eipalloc-00e5f2ce8997a90d3",
            "association_id": "eipassoc-00bdd43f85f84b6e8",
            "connectivity_type": "public",
            "id": "nat-0e73646912cf459d2",
            "network_interface_id": "eni-0c5a859600aa1423c",
            "private_ip": "10.0.1.79",
            "public_ip": "44.253.87.183",
            "secondary_allocation_ids": [],
            "secondary_private_ip_address_count": 0,
            "secondary_private_ip_addresses": [],
            "subnet_id": "subnet-079eb53a6202075b1",
            "tags": {
              "Name": "libnet-eks-prod-nat-gateway"
            },
            "tags_all": {
              "Name": "libnet-eks-prod-nat-gateway"
            },
            "timeouts": null
          },
          "sensitive_attributes": [],
          "identity_schema_version": 0,
          "private": "eyJlMmJmYjczMC1lY2FhLTExZTYtOGY4OC0zNDM2M2JjN2M0YzAiOnsiY3JlYXRlIjo2MDAwMDAwMDAwMDAsImRlbGV0ZSI6MTgwMDAwMDAwMDAwMCwidXBkYXRlIjo2MDAwMDAwMDAwMDB9fQ==",
          "dependencies": [
            "aws_eip.nat",
            "aws_internet_gateway.main",
            "aws_subnet.public",
            "aws_vpc.main",
            "data.aws_availability_zones.available"
          ]
        }
      ]
    },
    {
      "mode": "managed",
      "type": "aws_route_table",
      "name": "private",
      "provider": "provider[\"registry.terraform.io/hashicorp/aws\"]",
      "instances": [
        {
          "schema_version": 0,
          "attributes": {
            "arn": "arn:aws:ec2:us-west-2:539145952779:route-table/rtb-0aa555e18fecbf9e2",
            "id": "rtb-0aa555e18fecbf9e2",
            "owner_id": "539145952779",
            "propagating_vgws": [],
            "route": [
              {
                "carrier_gateway_id": "",
                "cidr_block": "0.0.0.0/0",
                "core_network_arn": "",
                "destination_prefix_list_id": "",
                "egress_only_gateway_id": "",
                "gateway_id": "",
                "ipv6_cidr_block": "",
                "local_gateway_id": "",
                "nat_gateway_id": "nat-0e73646912cf459d2",
                "network_interface_id": "",
                "transit_gateway_id": "",
                "vpc_endpoint_id": "",
                "vpc_peering_connection_id": ""
              }
            ],
            "tags": {
              "Name": "libnet-eks-prod-private-rt"
            },
            "tags_all": {
              "Name": "libnet-eks-prod-private-rt"
            },
            "timeouts": null,
            "vpc_id": "vpc-04ea5f10211da16eb"
          },
          "sensitive_attributes": [],
          "identity_schema_version": 0,
          "private": "eyJlMmJmYjczMC1lY2FhLTExZTYtOGY4OC0zNDM2M2JjN2M0YzAiOnsiY3JlYXRlIjozMDAwMDAwMDAwMDAsImRlbGV0ZSI6MzAwMDAwMDAwMDAwLCJ1cGRhdGUiOjEyMDAwMDAwMDAwMH19",
          "dependencies": [
            "aws_eip.nat",
            "aws_internet_gateway.main",
            "aws_nat_gateway.main",
            "aws_subnet.public",
            "aws_vpc.main",
            "data.aws_availability_zones.available"
          ]
        }
      ]
    },
    {
      "mode": "managed",
      "type": "aws_route_table",
      "name": "public",
      "provider": "provider[\"registry.terraform.io/hashicorp/aws\"]",
      "instances": [
        {
          "schema_version": 0,
          "attributes": {
            "arn": "arn:aws:ec2:us-west-2:539145952779:route-table/rtb-07f032495f56154c7",
            "id": "rtb-07f032495f56154c7",
            "owner_id": "539145952779",
            "propagating_vgws": [],
            "route": [
              {
                "carrier_gateway_id": "",
                "cidr_block": "0.0.0.0/0",
                "core_network_arn": "",
                "destination_prefix_list_id": "",
                "egress_only_gateway_id": "",
                "gateway_id": "igw-0572f6a590fc01373",
                "ipv6_cidr_block": "",
                "local_gateway_id": "",
                "nat_gateway_id": "",
                "network_interface_id": "",
                "transit_gateway_id": "",
                "vpc_endpoint_id": "",
                "vpc_peering_connection_id": ""
              }
            ],
            "tags": {
              "Name": "libnet-eks-prod-public-rt"
            },
            "tags_all": {
              "Name": "libnet-eks-prod-public-rt"
            },
            "timeouts": null,
            "vpc_id": "vpc-04ea5f10211da16eb"
          },
          "sensitive_attributes": [],
          "identity_schema_version": 0,
          "private": "eyJlMmJmYjczMC1lY2FhLTExZTYtOGY4OC0zNDM2M2JjN2M0YzAiOnsiY3JlYXRlIjozMDAwMDAwMDAwMDAsImRlbGV0ZSI6MzAwMDAwMDAwMDAwLCJ1cGRhdGUiOjEyMDAwMDAwMDAwMH19",
          "dependencies": [
            "aws_internet_gateway.main",
            "aws_vpc.main"
          ]
        }
      ]
    },
    {
      "mode": "managed",
      "type": "aws_route_table_association",
      "name": "private",
      "provider": "provider[\"registry.terraform.io/hashicorp/aws\"]",
      "instances": [
        {
          "index_key": 0,
          "schema_version": 0,
          "attributes": {
            "gateway_id": "",
            "id": "rtbassoc-0cfa33344f8cff749",
            "route_table_id": "rtb-0aa555e18fecbf9e2",
            "subnet_id": "subnet-05da19fceff8fd311",
            "timeouts": null
          },
          "sensitive_attributes": [],
          "identity_schema_version": 0,
          "private": "eyJlMmJmYjczMC1lY2FhLTExZTYtOGY4OC0zNDM2M2JjN2M0YzAiOnsiY3JlYXRlIjozMDAwMDAwMDAwMDAsImRlbGV0ZSI6MzAwMDAwMDAwMDAwLCJ1cGRhdGUiOjEyMDAwMDAwMDAwMH19",
          "dependencies": [
            "aws_eip.nat",
            "aws_internet_gateway.main",
            "aws_nat_gateway.main",
            "aws_route_table.private",
            "aws_subnet.private",
            "aws_subnet.public",
            "aws_vpc.main",
            "data.aws_availability_zones.available"
          ]
        },
        {
          "index_key": 1,
          "schema_version": 0,
          "attributes": {
            "gateway_id": "",
            "id": "rtbassoc-04d88d2ff93314820",
            "route_table_id": "rtb-0aa555e18fecbf9e2",
            "subnet_id": "subnet-078422ad92ea4ccc6",
            "timeouts": null
          },
          "sensitive_attributes": [],
          "identity_schema_version": 0,
          "private": "eyJlMmJmYjczMC1lY2FhLTExZTYtOGY4OC0zNDM2M2JjN2M0YzAiOnsiY3JlYXRlIjozMDAwMDAwMDAwMDAsImRlbGV0ZSI6MzAwMDAwMDAwMDAwLCJ1cGRhdGUiOjEyMDAwMDAwMDAwMH19",
          "dependencies": [
            "aws_eip.nat",
            "aws_internet_gateway.main",
            "aws_nat_gateway.main",
            "aws_route_table.private",
            "aws_subnet.private",
            "aws_subnet.public",
            "aws_vpc.main",
            "data.aws_availability_zones.available"
          ]
        }
      ]
    },
    {
      "mode": "managed",
      "type": "aws_route_table_association",
      "name": "public",
      "provider": "provider[\"registry.terraform.io/hashicorp/aws\"]",
      "instances": [
        {
          "index_key": 0,
          "schema_version": 0,
          "attributes": {
            "gateway_id": "",
            "id": "rtbassoc-0f0e8db8ddd83cf47",
            "route_table_id": "rtb-07f032495f56154c7",
            "subnet_id": "subnet-079eb53a6202075b1",
            "timeouts": null
          },
          "sensitive_attributes": [],
          "identity_schema_version": 0,
          "private": "eyJlMmJmYjczMC1lY2FhLTExZTYtOGY4OC0zNDM2M2JjN2M0YzAiOnsiY3JlYXRlIjozMDAwMDAwMDAwMDAsImRlbGV0ZSI6MzAwMDAwMDAwMDAwLCJ1cGRhdGUiOjEyMDAwMDAwMDAwMH19",
          "dependencies": [
            "aws_internet_gateway.main",
            "aws_route_table.public",
            "aws_subnet.public",
            "aws_vpc.main",
            "data.aws_availability_zones.available"
          ]
        },
        {
          "index_key": 1,
          "schema_version": 0,
          "attributes": {
            "gateway_id": "",
            "id": "rtbassoc-096bcd39afdc88d07",
            "route_table_id": "rtb-07f032495f56154c7",
            "subnet_id": "subnet-0144fe8f0af958b50",
            "timeouts": null
          },
          "sensitive_attributes": [],
          "identity_schema_version": 0,
          "private": "eyJlMmJmYjczMC1lY2FhLTExZTYtOGY4OC0zNDM2M2JjN2M0YzAiOnsiY3JlYXRlIjozMDAwMDAwMDAwMDAsImRlbGV0ZSI6MzAwMDAwMDAwMDAwLCJ1cGRhdGUiOjEyMDAwMDAwMDAwMH19",
          "dependencies": [
            "aws_internet_gateway.main",
            "aws_route_table.public",
            "aws_subnet.public",
            "aws_vpc.main",
            "data.aws_availability_zones.available"
          ]
        }
      ]
    },
    {
      "mode": "managed",
      "type": "aws_security_group",
      "name": "eks_cluster",
      "provider": "provider[\"registry.terraform.io/hashicorp/aws\"]",
      "instances": [
        {
          "schema_version": 1,
          "attributes": {
            "arn": "arn:aws:ec2:us-west-2:539145952779:security-group/sg-082a70b8d181a3f39",
            "description": "Security group for the EKS control plane.",
            "egress": [],
            "id": "sg-082a70b8d181a3f39",
            "ingress": [
              {
                "cidr_blocks": [],
                "description": "Allow nodes to communicate with the control plane (HTTPS)",
                "from_port": 443,
                "ipv6_cidr_blocks": [],
                "prefix_list_ids": [],
                "protocol": "tcp",
                "security_groups": [
                  "sg-00d4a3f6f052cc889"
                ],
                "self": false,
                "to_port": 443
              }
            ],
            "name": "libnet-eks-prod-cluster-sg",
            "name_prefix": "",
            "owner_id": "539145952779",
            "revoke_rules_on_delete": false,
            "tags": {
              "Name": "libnet-eks-prod-cluster-sg"
            },
            "tags_all": {
              "Name": "libnet-eks-prod-cluster-sg"
            },
            "timeouts": null,
            "vpc_id": "vpc-04ea5f10211da16eb"
          },
          "sensitive_attributes": [],
          "identity_schema_version": 0,
          "private": "eyJlMmJmYjczMC1lY2FhLTExZTYtOGY4OC0zNDM2M2JjN2M0YzAiOnsiY3JlYXRlIjo2MDAwMDAwMDAwMDAsImRlbGV0ZSI6OTAwMDAwMDAwMDAwfSwic2NoZW1hX3ZlcnNpb24iOiIxIn0=",
          "dependencies": [
            "aws_vpc.main"
          ]
        }
      ]
    },
    {
      "mode": "managed",
      "type": "aws_security_group",
      "name": "eks_nodes",
      "provider": "provider[\"registry.terraform.io/hashicorp/aws\"]",
      "instances": [
        {
          "schema_version": 1,
          "attributes": {
            "arn": "arn:aws:ec2:us-west-2:539145952779:security-group/sg-00d4a3f6f052cc889",
            "description": "Security group for the EKS worker nodes.",
            "egress": [
              {
                "cidr_blocks": [
                  "0.0.0.0/0"
                ],
                "description": "",
                "from_port": 0,
                "ipv6_cidr_blocks": [],
                "prefix_list_ids": [],
                "protocol": "-1",
                "security_groups": [],
                "self": false,
                "to_port": 0
              }
            ],
            "id": "sg-00d4a3f6f052cc889",
            "ingress": [
              {
                "cidr_blocks": [],
                "description": "Allow control plane to communicate with nodes",
                "from_port": 0,
                "ipv6_cidr_blocks": [],
                "prefix_list_ids": [],
                "protocol": "-1",
                "security_groups": [
                  "sg-082a70b8d181a3f39"
                ],
                "self": false,
                "to_port": 0
              },
              {
                "cidr_blocks": [],
                "description": "Allow nodes to communicate with each other",
                "from_port": 0,
                "ipv6_cidr_blocks": [],
                "prefix_list_ids": [],
                "protocol": "-1",
                "security_groups": [],
                "self": true,
                "to_port": 0
              }
            ],
            "name": "libnet-eks-prod-node-sg",
            "name_prefix": "",
            "owner_id": "539145952779",
            "revoke_rules_on_delete": false,
            "tags": {
              "Name": "libnet-eks-prod-node-sg"
            },
            "tags_all": {
              "Name": "libnet-eks-prod-node-sg"
            },
            "timeouts": null,
            "vpc_id": "vpc-04ea5f10211da16eb"
          },
          "sensitive_attributes": [],
          "identity_schema_version": 0,
          "private": "eyJlMmJmYjczMC1lY2FhLTExZTYtOGY4OC0zNDM2M2JjN2M0YzAiOnsiY3JlYXRlIjo2MDAwMDAwMDAwMDAsImRlbGV0ZSI6OTAwMDAwMDAwMDAwfSwic2NoZW1hX3ZlcnNpb24iOiIxIn0=",
          "dependencies": [
            "aws_vpc.main"
          ]
        }
      ]
    },
    {
      "mode": "managed",
      "type": "aws_security_group_rule",
      "name": "cluster_ingress_from_nodes",
      "provider": "provider[\"registry.terraform.io/hashicorp/aws\"]",
      "instances": [
        {
          "schema_version": 2,
          "attributes": {
            "cidr_blocks": null,
            "description": "Allow nodes to communicate with the control plane (HTTPS)",
            "from_port": 443,
            "id": "sgrule-2020762940",
            "ipv6_cidr_blocks": null,
            "prefix_list_ids": null,
            "protocol": "tcp",
            "security_group_id": "sg-082a70b8d181a3f39",
            "security_group_rule_id": "sgr-0206f0a62071c26f8",
            "self": false,
            "source_security_group_id": "sg-00d4a3f6f052cc889",
            "timeouts": null,
            "to_port": 443,
            "type": "ingress"
          },
          "sensitive_attributes": [],
          "identity_schema_version": 0,
          "private": "eyJlMmJmYjczMC1lY2FhLTExZTYtOGY4OC0zNDM2M2JjN2M0YzAiOnsiY3JlYXRlIjozMDAwMDAwMDAwMDB9LCJzY2hlbWFfdmVyc2lvbiI6IjIifQ==",
          "dependencies": [
            "aws_security_group.eks_cluster",
            "aws_security_group.eks_nodes",
            "aws_vpc.main"
          ]
        }
      ]
    },
    {
      "mode": "managed",
      "type": "aws_security_group_rule",
      "name": "nodes_ingress_from_cluster",
      "provider": "provider[\"registry.terraform.io/hashicorp/aws\"]",
      "instances": [
        {
          "schema_version": 2,
          "attributes": {
            "cidr_blocks": null,
            "description": "Allow control plane to communicate with nodes",
            "from_port": 0,
            "id": "sgrule-4005972498",
            "ipv6_cidr_blocks": null,
            "prefix_list_ids": null,
            "protocol": "-1",
            "security_group_id": "sg-00d4a3f6f052cc889",
            "security_group_rule_id": "sgr-0e4bf6bf57d5ef6bb",
            "self": false,
            "source_security_group_id": "sg-082a70b8d181a3f39",
            "timeouts": null,
            "to_port": 0,
            "type": "ingress"
          },
          "sensitive_attributes": [],
          "identity_schema_version": 0,
          "private": "eyJlMmJmYjczMC1lY2FhLTExZTYtOGY4OC0zNDM2M2JjN2M0YzAiOnsiY3JlYXRlIjozMDAwMDAwMDAwMDB9LCJzY2hlbWFfdmVyc2lvbiI6IjIifQ==",
          "dependencies": [
            "aws_security_group.eks_cluster",
            "aws_security_group.eks_nodes",
            "aws_vpc.main"
          ]
        }
      ]
    },
    {
      "mode": "managed",
      "type": "aws_security_group_rule",
      "name": "nodes_ingress_self",
      "provider": "provider[\"registry.terraform.io/hashicorp/aws\"]",
      "instances": [
        {
          "schema_version": 2,
          "attributes": {
            "cidr_blocks": null,
            "description": "Allow nodes to communicate with each other",
            "from_port": 0,
            "id": "sgrule-1550043968",
            "ipv6_cidr_blocks": null,
            "prefix_list_ids": null,
            "protocol": "-1",
            "security_group_id": "sg-00d4a3f6f052cc889",
            "security_group_rule_id": "sgr-0c116513904f7caf9",
            "self": false,
            "source_security_group_id": "sg-00d4a3f6f052cc889",
            "timeouts": null,
            "to_port": 0,
            "type": "ingress"
          },
          "sensitive_attributes": [],
          "identity_schema_version": 0,
          "private": "eyJlMmJmYjczMC1lY2FhLTExZTYtOGY4OC0zNDM2M2JjN2M0YzAiOnsiY3JlYXRlIjozMDAwMDAwMDAwMDB9LCJzY2hlbWFfdmVyc2lvbiI6IjIifQ==",
          "dependencies": [
            "aws_security_group.eks_nodes",
            "aws_vpc.main"
          ]
        }
      ]
    },
    {
      "mode": "managed",
      "type": "aws_subnet",
      "name": "private",
      "provider": "provider[\"registry.terraform.io/hashicorp/aws\"]",
      "instances": [
        {
          "index_key": 0,
          "schema_version": 1,
          "attributes": {
            "arn": "arn:aws:ec2:us-west-2:539145952779:subnet/subnet-05da19fceff8fd311",
            "assign_ipv6_address_on_creation": false,
            "availability_zone": "us-west-2a",
            "availability_zone_id": "usw2-az1",
            "cidr_block": "10.0.3.0/24",
            "customer_owned_ipv4_pool": "",
            "enable_dns64": false,
            "enable_lni_at_device_index": 0,
            "enable_resource_name_dns_a_record_on_launch": false,
            "enable_resource_name_dns_aaaa_record_on_launch": false,
            "id": "subnet-05da19fceff8fd311",
            "ipv6_cidr_block": "",
            "ipv6_cidr_block_association_id": "",
            "ipv6_native": false,
            "map_customer_owned_ip_on_launch": false,
            "map_public_ip_on_launch": false,
            "outpost_arn": "",
            "owner_id": "539145952779",
            "private_dns_hostname_type_on_launch": "ip-name",
            "tags": {
              "Name": "libnet-eks-prod-private-subnet-1"
            },
            "tags_all": {
              "Name": "libnet-eks-prod-private-subnet-1"
            },
            "timeouts": null,
            "vpc_id": "vpc-04ea5f10211da16eb"
          },
          "sensitive_attributes": [],
          "identity_schema_version": 0,
          "private": "eyJlMmJmYjczMC1lY2FhLTExZTYtOGY4OC0zNDM2M2JjN2M0YzAiOnsiY3JlYXRlIjo2MDAwMDAwMDAwMDAsImRlbGV0ZSI6MTIwMDAwMDAwMDAwMH0sInNjaGVtYV92ZXJzaW9uIjoiMSJ9",
          "dependencies": [
            "aws_vpc.main",
            "data.aws_availability_zones.available"
          ]
        },
        {
          "index_key": 1,
          "schema_version": 1,
          "attributes": {
            "arn": "arn:aws:ec2:us-west-2:539145952779:subnet/subnet-078422ad92ea4ccc6",
            "assign_ipv6_address_on_creation": false,
            "availability_zone": "us-west-2b",
            "availability_zone_id": "usw2-az2",
            "cidr_block": "10.0.4.0/24",
            "customer_owned_ipv4_pool": "",
            "enable_dns64": false,
            "enable_lni_at_device_index": 0,
            "enable_resource_name_dns_a_record_on_launch": false,
            "enable_resource_name_dns_aaaa_record_on_launch": false,
            "id": "subnet-078422ad92ea4ccc6",
            "ipv6_cidr_block": "",
            "ipv6_cidr_block_association_id": "",
            "ipv6_native": false,
            "map_customer_owned_ip_on_launch": false,
            "map_public_ip_on_launch": false,
            "outpost_arn": "",
            "owner_id": "539145952779",
            "private_dns_hostname_type_on_launch": "ip-name",
            "tags": {
              "Name": "libnet-eks-prod-private-subnet-2"
            },
            "tags_all": {
              "Name": "libnet-eks-prod-private-subnet-2"
            },
            "timeouts": null,
            "vpc_id": "vpc-04ea5f10211da16eb"
          },
          "sensitive_attributes": [],
          "identity_schema_version": 0,
          "private": "eyJlMmJmYjczMC1lY2FhLTExZTYtOGY4OC0zNDM2M2JjN2M0YzAiOnsiY3JlYXRlIjo2MDAwMDAwMDAwMDAsImRlbGV0ZSI6MTIwMDAwMDAwMDAwMH0sInNjaGVtYV92ZXJzaW9uIjoiMSJ9",
          "dependencies": [
            "aws_vpc.main",
            "data.aws_availability_zones.available"
          ]
        }
      ]
    },
    {
      "mode": "managed",
      "type": "aws_subnet",
      "name": "public",
      "provider": "provider[\"registry.terraform.io/hashicorp/aws\"]",
      "instances": [
        {
          "index_key": 0,
          "schema_version": 1,
          "attributes": {
            "arn": "arn:aws:ec2:us-west-2:539145952779:subnet/subnet-079eb53a6202075b1",
            "assign_ipv6_address_on_creation": false,
            "availability_zone": "us-west-2a",
            "availability_zone_id": "usw2-az1",
            "cidr_block": "10.0.1.0/24",
            "customer_owned_ipv4_pool": "",
            "enable_dns64": false,
            "enable_lni_at_device_index": 0,
            "enable_resource_name_dns_a_record_on_launch": false,
            "enable_resource_name_dns_aaaa_record_on_launch": false,
            "id": "subnet-079eb53a6202075b1",
            "ipv6_cidr_block": "",
            "ipv6_cidr_block_association_id": "",
            "ipv6_native": false,
            "map_customer_owned_ip_on_launch": false,
            "map_public_ip_on_launch": true,
            "outpost_arn": "",
            "owner_id": "539145952779",
            "private_dns_hostname_type_on_launch": "ip-name",
            "tags": {
              "Name": "libnet-eks-prod-public-subnet-1"
            },
            "tags_all": {
              "Name": "libnet-eks-prod-public-subnet-1"
            },
            "timeouts": null,
            "vpc_id": "vpc-04ea5f10211da16eb"
          },
          "sensitive_attributes": [],
          "identity_schema_version": 0,
          "private": "eyJlMmJmYjczMC1lY2FhLTExZTYtOGY4OC0zNDM2M2JjN2M0YzAiOnsiY3JlYXRlIjo2MDAwMDAwMDAwMDAsImRlbGV0ZSI6MTIwMDAwMDAwMDAwMH0sInNjaGVtYV92ZXJzaW9uIjoiMSJ9",
          "dependencies": [
            "aws_vpc.main",
            "data.aws_availability_zones.available"
          ]
        },
        {
          "index_key": 1,
          "schema_version": 1,
          "attributes": {
            "arn": "arn:aws:ec2:us-west-2:539145952779:subnet/subnet-0144fe8f0af958b50",
            "assign_ipv6_address_on_creation": false,
            "availability_zone": "us-west-2b",
            "availability_zone_id": "usw2-az2",
            "cidr_block": "10.0.2.0/24",
            "customer_owned_ipv4_pool": "",
            "enable_dns64": false,
            "enable_lni_at_device_index": 0,
            "enable_resource_name_dns_a_record_on_launch": false,
            "enable_resource_name_dns_aaaa_record_on_launch": false,
            "id": "subnet-0144fe8f0af958b50",
            "ipv6_cidr_block": "",
            "ipv6_cidr_block_association_id": "",
            "ipv6_native": false,
            "map_customer_owned_ip_on_launch": false,
            "map_public_ip_on_launch": true,
            "outpost_arn": "",
            "owner_id": "539145952779",
            "private_dns_hostname_type_on_launch": "ip-name",
            "tags": {
              "Name": "libnet-eks-prod-public-subnet-2"
            },
            "tags_all": {
              "Name": "libnet-eks-prod-public-subnet-2"
            },
            "timeouts": null,
            "vpc_id": "vpc-04ea5f10211da16eb"
          },
          "sensitive_attributes": [],
          "identity_schema_version": 0,
          "private": "eyJlMmJmYjczMC1lY2FhLTExZTYtOGY4OC0zNDM2M2JjN2M0YzAiOnsiY3JlYXRlIjo2MDAwMDAwMDAwMDAsImRlbGV0ZSI6MTIwMDAwMDAwMDAwMH0sInNjaGVtYV92ZXJzaW9uIjoiMSJ9",
          "dependencies": [
            "aws_vpc.main",
            "data.aws_availability_zones.available"
          ]
        }
      ]
    },
    {
      "mode": "managed",
      "type": "aws_vpc",
      "name": "main",
      "provider": "provider[\"registry.terraform.io/hashicorp/aws\"]",
      "instances": [
        {
          "schema_version": 1,
          "attributes": {
            "arn": "arn:aws:ec2:us-west-2:539145952779:vpc/vpc-04ea5f10211da16eb",
            "assign_generated_ipv6_cidr_block": false,
            "cidr_block": "10.0.0.0/16",
            "default_network_acl_id": "acl-0e575839c27211f64",
            "default_route_table_id": "rtb-04505d094e4abd9f6",
            "default_security_group_id": "sg-0e951e4d88427c8c9",
            "dhcp_options_id": "dopt-5b577b23",
            "enable_dns_hostnames": false,
            "enable_dns_support": true,
            "enable_network_address_usage_metrics": false,
            "id": "vpc-04ea5f10211da16eb",
            "instance_tenancy": "default",
            "ipv4_ipam_pool_id": null,
            "ipv4_netmask_length": null,
            "ipv6_association_id": "",
            "ipv6_cidr_block": "",
            "ipv6_cidr_block_network_border_group": "",
            "ipv6_ipam_pool_id": "",
            "ipv6_netmask_length": 0,
            "main_route_table_id": "rtb-04505d094e4abd9f6",
            "owner_id": "539145952779",
            "tags": {
              "Name": "libnet-eks-prod-vpc"
            },
            "tags_all": {
              "Name": "libnet-eks-prod-vpc"
            }
          },
          "sensitive_attributes": [],
          "identity_schema_version": 0,
          "private": "eyJzY2hlbWFfdmVyc2lvbiI6IjEifQ=="
        }
      ]
    },
    {
      "mode": "managed",
      "type": "local_file",
      "name": "kubeconfig",
      "provider": "provider[\"registry.terraform.io/hashicorp/local\"]",
      "instances": [
        {
          "schema_version": 0,
          "attributes": {
            "content": "apiVersion: v1\nclusters:\n- cluster:\n    server: https://86679FF47261D529CC6B080B5E98818F.gr7.us-west-2.eks.amazonaws.com\n    certificate-authority-data: LS0tLS1CRUdJTiBDRVJUSUZJQ0FURS0tLS0tCk1JSURCVENDQWUyZ0F3SUJBZ0lJTlBFN2pSN0ZJUHN3RFFZSktvWklodmNOQVFFTEJRQXdGVEVUTUJFR0ExVUUKQXhNS2EzVmlaWEp1WlhSbGN6QWVGdzB5TlRBNE1ETXhOekl3TWpWYUZ3MHpOVEE0TURFeE56STFNalZhTUJVeApFekFSQmdOVkJBTVRDbXQxWW1WeWJtVjBaWE13Z2dFaU1BMEdDU3FHU0liM0RRRUJBUVVBQTRJQkR3QXdnZ0VLCkFvSUJBUURjTXFZUDZZeUsvV3lHc3JqRXNFWUVhYjhpWjNlRmR3TU9kWHdGVSs5TVFpc3k5ZWxBZjdSWFh2aHYKTVBTSWUvSnZrelV3MjBnVXJSNzJNZTFDWHZiME12ZHZoZXV6eFRqMzFqbmViNFRjdU9kWmpza2pVOG9SSTZLUApPSnp0QXRaWkJidjFXajhVTzdKMVZqMmhyL0U1SEh0bzNpZDcyRlJDQ3J6d2VxelN2Z0czWDZiUVRnMW4vcmtYCldnZzZCZWxLN2cwREU4ZzdzdEJzekxjTzB0bFdLeFFtd2NRUDJ5OXVrZ2pRdUZadzZPMVh1WjNuS0gyeW5MZEgKdzFLaFdCQ1E4cStsZHRjZGIreWFTTWpjNFJGWU56MjlQWFFSUmZiRzZ0aHpIQzJNcjBXWUNvMVRTMXVyWEo5eApNUVNCTUZGd1RnTm5YaER6aWhHSjcra2kzeHZSQWdNQkFBR2pXVEJYTUE0R0ExVWREd0VCL3dRRUF3SUNwREFQCkJnTlZIUk1CQWY4RUJUQURBUUgvTUIwR0ExVWREZ1FXQkJTS2FRWTRHYS83NjJNb3BPZ2dIZzYvQWJMVTVqQVYKQmdOVkhSRUVEakFNZ2dwcmRXSmxjbTVsZEdWek1BMEdDU3FHU0liM0RRRUJDd1VBQTRJQkFRRElBRjBYTnZVcQpnNUt6RHdkcVF5MWx3YUQyeDZ1Mml5aWJUeURlaUdERk5NWE1nbzZDK2sya1dMQ0V5ZnBiNTE3ZDgrckdHTWdECmpOWG9ENUhwTHFXWFlLTXNyZmdhUjlsR3RUMFVaeTJmb0hkYm0yZWZHcGFyejNvRnh5YTlOWFZXbmI0a094bnAKZ2VhR2pBY2tyS2t5VDQ4SEZaQ282MUxPek1WWDNuMjJENzczOFQzRXJ6blB4ckZDU1p3TUsyMkgwbDJyY3ZBego5bUJTMk5nZno4SERhUklZczJSRjI5SyswdzNnejQzSExqeGdzNjlReVNrK3lOMTZodVlhNVAzTndINTQ2cFVMClNmMEcreXh1R09YMHBPRS9CNXExY0NDMG01Z0FUNGdaTEdGVEdjZFlhWmNsWTBZanBTWmo2Y1lBdHV0UGorOTUKdnVDTVhyMUNacW5uCi0tLS0tRU5EIENFUlRJRklDQVRFLS0tLS0K\n  name: libnet-eks-prod\ncontexts:\n- context:\n    cluster: libnet-eks-prod\n    user: libnet-eks-prod\n  name: libnet-eks-prod\ncurrent-context: libnet-eks-prod\nkind: Config\npreferences: {}\nusers:\n- name: libnet-eks-prod\n  user:\n    exec:\n      apiVersion: client.authentication.k8s.io/v1beta1\n      command: aws\n      args:\n        - \"eks\"\n        - \"get-token\"\n        - \"--cluster-name\"\n        - \"libnet-eks-prod\"\n        - \"--profile\"\n        - \"AWS-MARCOSAZEVEDO\"\n",
            "content_base64": null,
            "content_base64sha256": "znkUBHExhuW4vVpVYNGVtU2NkkxEC4lLNM+KsRI9W7U=",
            "content_base64sha512": "2ENhCGgmrgK0kKxaslQc6RT9l8L5r32TjbidBW8XAlQpB5Fkplp+aNt0i+L8JH8sQQ/4gggJkJ4TJGlpV492KQ==",
            "content_md5": "39dcc53c674a425fdebd3137315dc870",
            "content_sha1": "5df45882b4087df7518aed7353cc07e9cb9c54a2",
            "content_sha256": "ce791404713186e5b8bd5a5560d195b54d8d924c440b894b34cf8ab1123d5bb5",
            "content_sha512": "d84361086826ae02b490ac5ab2541ce914fd97c2f9af7d938db89d056f17025429079164a65a7e68db748be2fc247f2c410ff8820809909e13246969578f7629",
            "directory_permission": "0777",
            "file_permission": "0777",
            "filename": "./kubeconfig.yaml",
            "id": "5df45882b4087df7518aed7353cc07e9cb9c54a2",
            "sensitive_content": null,
            "source": null
          },
          "sensitive_attributes": [
            [
              {
                "type": "get_attr",
                "value": "sensitive_content"
              }
            ]
          ],
          "identity_schema_version": 0,
          "dependencies": [
            "aws_eks_cluster.main",
            "aws_iam_role.eks_cluster",
            "aws_iam_role_policy_attachment.eks_cluster_policy",
            "aws_security_group.eks_cluster",
            "aws_subnet.private",
            "aws_vpc.main",
            "data.aws_availability_zones.available"
          ]
        }
      ]
    }
  ],
  "check_results": null
}
